Microsoft Visual Studio Solution File, Format Version 12.00
# Visual Studio Version 17
VisualStudioVersion = 17.5.2.0
MinimumVisualStudioVersion = 10.0.40219.1
Project("{2150E333-8FDC-42A3-9474-1A3956D46DE8}") = "src", "src", "{827E0CD3-B72D-47B6-A68D-7590B98EB39B}"
EndProject
Project("{2150E333-8FDC-42A3-9474-1A3956D46DE8}") = "test", "test", "{0C88DD14-F956-CE84-757C-A364CCF449FC}"
EndProject
Project("{FAE04EC0-301F-11D3-BF4B-00C04F79EFBC}") = "backend", "src\backend\backend.csproj", "{E236B1C5-0744-A196-6D34-7F30ECEB780D}"
EndProject
Project("{FAE04EC0-301F-11D3-BF4B-00C04F79EFBC}") = "backend.Tests", "test\backend.Tests\backend.Tests.csproj", "{257FED15-758E-B064-52A7-94DF6C5A9E26}"
EndProject
Global
	GlobalSection(SolutionConfigurationPlatforms) = preSolution
		Debug|Any CPU = Debug|Any CPU
		Release|Any CPU = Release|Any CPU
	EndGlobalSection
	GlobalSection(ProjectConfigurationPlatforms) = postSolution
		{E236B1C5-0744-A196-6D34-7F30ECEB780D}.Debug|Any CPU.ActiveCfg = Debug|Any CPU
		{E236B1C5-0744-A196-6D34-7F30ECEB780D}.Debug|Any CPU.Build.0 = Debug|Any CPU
		{E236B1C5-0744-A196-6D34-7F30ECEB780D}.Release|Any CPU.ActiveCfg = Release|Any CPU
		{E236B1C5-0744-A196-6D34-7F30ECEB780D}.Release|Any CPU.Build.0 = Release|Any CPU
		{257FED15-758E-B064-52A7-94DF6C5A9E26}.Debug|Any CPU.ActiveCfg = Debug|Any CPU
		{257FED15-758E-B064-52A7-94DF6C5A9E26}.Debug|Any CPU.Build.0 = Debug|Any CPU
		{257FED15-758E-B064-52A7-94DF6C5A9E26}.Release|Any CPU.ActiveCfg = Release|Any CPU
		{257FED15-758E-B064-52A7-94DF6C5A9E26}.Release|Any CPU.Build.0 = Release|Any CPU
	EndGlobalSection
	GlobalSection(SolutionProperties) = preSolution
		HideSolutionNode = FALSE
	EndGlobalSection
	GlobalSection(NestedProjects) = preSolution
		{E236B1C5-0744-A196-6D34-7F30ECEB780D} = {827E0CD3-B72D-47B6-A68D-7590B98EB39B}
		{257FED15-758E-B064-52A7-94DF6C5A9E26} = {0C88DD14-F956-CE84-757C-A364CCF449FC}
	EndGlobalSection
	GlobalSection(ExtensibilityGlobals) = postSolution
		SolutionGuid = {D44E34BE-BC64-4879-933E-D6EA16DC9431}
	EndGlobalSection
EndGlobal
